
Microsoft Visual Studio Solution File, Format Version 12.00
Project("{FAE04EC0-301F-11D3-BF4B-00C04F79EFBC}") = "Cursos.API", "Cursos.API\Cursos.API.csproj", "{1B31EFEF-3E97-49AB-972E-4DE1A57DACFB}"
EndProject
Project("{FAE04EC0-301F-11D3-BF4B-00C04F79EFBC}") = "Models", "Models\Models.csproj", "{AD36EE14-8505-404B-ADC1-C58F79B0A699}"
EndProject
Project("{2150E333-8FDC-42A3-9474-1A3956D46DE8}") = "Models", "Models", "{012F3066-4DA0-4966-AB65-96B65F769E0A}"
EndProject
Project("{2150E333-8FDC-42A3-9474-1A3956D46DE8}") = "Apis", "Apis", "{E822D576-159C-4A75-9CE3-FCC1D1171A36}"
EndProject
Project("{2150E333-8FDC-42A3-9474-1A3956D46DE8}") = "Infra", "Infra", "{47F03C96-4E35-4D61-8216-10E0768C6E05}"
EndProject
Project("{2150E333-8FDC-42A3-9474-1A3956D46DE8}") = "Services", "Services", "{DCB76E09-C8C8-4B5F-AC79-D9F780B1036F}"
EndProject
Project("{FAE04EC0-301F-11D3-BF4B-00C04F79EFBC}") = "Services", "Services\Services.csproj", "{2C3F0305-FF55-4E4C-818D-8E92154C72F8}"
EndProject
Project("{FAE04EC0-301F-11D3-BF4B-00C04F79EFBC}") = "DataBase", "DataBase\DataBase.csproj", "{57CD8C2F-5B03-4DF3-A20E-A0AC24D9E7B9}"
EndProject
Project("{2150E333-8FDC-42A3-9474-1A3956D46DE8}") = "Common", "Common", "{74307639-B659-43F7-8077-709578A2E7EA}"
EndProject
Project("{FAE04EC0-301F-11D3-BF4B-00C04F79EFBC}") = "Common.EncriptyPass", "Common.EncriptyPass\Common.EncriptyPass.csproj", "{C7D6BB78-94BB-4D59-8BFC-252EF5D67AF2}"
EndProject
Global
	GlobalSection(SolutionConfigurationPlatforms) = preSolution
		Debug|Any CPU = Debug|Any CPU
		Release|Any CPU = Release|Any CPU
	EndGlobalSection
	GlobalSection(ProjectConfigurationPlatforms) = postSolution
		{1B31EFEF-3E97-49AB-972E-4DE1A57DACFB}.Debug|Any CPU.ActiveCfg = Debug|Any CPU
		{1B31EFEF-3E97-49AB-972E-4DE1A57DACFB}.Debug|Any CPU.Build.0 = Debug|Any CPU
		{1B31EFEF-3E97-49AB-972E-4DE1A57DACFB}.Release|Any CPU.ActiveCfg = Release|Any CPU
		{1B31EFEF-3E97-49AB-972E-4DE1A57DACFB}.Release|Any CPU.Build.0 = Release|Any CPU
		{AD36EE14-8505-404B-ADC1-C58F79B0A699}.Debug|Any CPU.ActiveCfg = Debug|Any CPU
		{AD36EE14-8505-404B-ADC1-C58F79B0A699}.Debug|Any CPU.Build.0 = Debug|Any CPU
		{AD36EE14-8505-404B-ADC1-C58F79B0A699}.Release|Any CPU.ActiveCfg = Release|Any CPU
		{AD36EE14-8505-404B-ADC1-C58F79B0A699}.Release|Any CPU.Build.0 = Release|Any CPU
		{2C3F0305-FF55-4E4C-818D-8E92154C72F8}.Debug|Any CPU.ActiveCfg = Debug|Any CPU
		{2C3F0305-FF55-4E4C-818D-8E92154C72F8}.Debug|Any CPU.Build.0 = Debug|Any CPU
		{2C3F0305-FF55-4E4C-818D-8E92154C72F8}.Release|Any CPU.ActiveCfg = Release|Any CPU
		{2C3F0305-FF55-4E4C-818D-8E92154C72F8}.Release|Any CPU.Build.0 = Release|Any CPU
		{57CD8C2F-5B03-4DF3-A20E-A0AC24D9E7B9}.Debug|Any CPU.ActiveCfg = Debug|Any CPU
		{57CD8C2F-5B03-4DF3-A20E-A0AC24D9E7B9}.Debug|Any CPU.Build.0 = Debug|Any CPU
		{57CD8C2F-5B03-4DF3-A20E-A0AC24D9E7B9}.Release|Any CPU.ActiveCfg = Release|Any CPU
		{57CD8C2F-5B03-4DF3-A20E-A0AC24D9E7B9}.Release|Any CPU.Build.0 = Release|Any CPU
		{C7D6BB78-94BB-4D59-8BFC-252EF5D67AF2}.Debug|Any CPU.ActiveCfg = Debug|Any CPU
		{C7D6BB78-94BB-4D59-8BFC-252EF5D67AF2}.Debug|Any CPU.Build.0 = Debug|Any CPU
		{C7D6BB78-94BB-4D59-8BFC-252EF5D67AF2}.Release|Any CPU.ActiveCfg = Release|Any CPU
		{C7D6BB78-94BB-4D59-8BFC-252EF5D67AF2}.Release|Any CPU.Build.0 = Release|Any CPU
	EndGlobalSection
	GlobalSection(NestedProjects) = preSolution
		{AD36EE14-8505-404B-ADC1-C58F79B0A699} = {012F3066-4DA0-4966-AB65-96B65F769E0A}
		{1B31EFEF-3E97-49AB-972E-4DE1A57DACFB} = {E822D576-159C-4A75-9CE3-FCC1D1171A36}
		{2C3F0305-FF55-4E4C-818D-8E92154C72F8} = {DCB76E09-C8C8-4B5F-AC79-D9F780B1036F}
		{57CD8C2F-5B03-4DF3-A20E-A0AC24D9E7B9} = {47F03C96-4E35-4D61-8216-10E0768C6E05}
		{C7D6BB78-94BB-4D59-8BFC-252EF5D67AF2} = {74307639-B659-43F7-8077-709578A2E7EA}
	EndGlobalSection
EndGlobal
